
Microsoft Visual Studio Solution File, Format Version 12.00
# Visual Studio Version 17
VisualStudioVersion = 17.9.34616.47
MinimumVisualStudioVersion = 10.0.40219.1
Project("{FAE04EC0-301F-11D3-BF4B-00C04F79EFBC}") = "MAS2", "MAS2\MAS2.csproj", "{05DC522D-C127-4B52-9592-5D21D2EFE54E}"
EndProject
Global
	GlobalSection(SolutionConfigurationPlatforms) = preSolution
		Debug|Any CPU = Debug|Any CPU
		Release|Any CPU = Release|Any CPU
	EndGlobalSection
	GlobalSection(ProjectConfigurationPlatforms) = postSolution
		{05DC522D-C127-4B52-9592-5D21D2EFE54E}.Debug|Any CPU.ActiveCfg = Debug|Any CPU
		{05DC522D-C127-4B52-9592-5D21D2EFE54E}.Debug|Any CPU.Build.0 = Debug|Any CPU
		{05DC522D-C127-4B52-9592-5D21D2EFE54E}.Release|Any CPU.ActiveCfg = Release|Any CPU
		{05DC522D-C127-4B52-9592-5D21D2EFE54E}.Release|Any CPU.Build.0 = Release|Any CPU
	EndGlobalSection
	GlobalSection(SolutionProperties) = preSolution
		HideSolutionNode = FALSE
	EndGlobalSection
	GlobalSection(ExtensibilityGlobals) = postSolution
		SolutionGuid = {54487DA1-986A-43FB-8441-1A88BAD13132}
	EndGlobalSection
EndGlobal
